
Microsoft Visual Studio Solution File, Format Version 12.00
# Visual Studio Version 16
VisualStudioVersion = 16.0.30523.141
MinimumVisualStudioVersion = 10.0.40219.1
Project("{FAE04EC0-301F-11D3-BF4B-00C04F79EFBC}") = "PROCJAM 2020", "PROCJAM 2020\PROCJAM 2020.csproj", "{36577684-2315-4155-9D67-A767AB105B13}"
EndProject
Global
	GlobalSection(SolutionConfigurationPlatforms) = preSolution
		Debug|Any CPU = Debug|Any CPU
		Release|Any CPU = Release|Any CPU
	EndGlobalSection
	GlobalSection(ProjectConfigurationPlatforms) = postSolution
		{36577684-2315-4155-9D67-A767AB105B13}.Debug|Any CPU.ActiveCfg = Debug|Any CPU
		{36577684-2315-4155-9D67-A767AB105B13}.Debug|Any CPU.Build.0 = Debug|Any CPU
		{36577684-2315-4155-9D67-A767AB105B13}.Release|Any CPU.ActiveCfg = Release|Any CPU
		{36577684-2315-4155-9D67-A767AB105B13}.Release|Any CPU.Build.0 = Release|Any CPU
	EndGlobalSection
	GlobalSection(SolutionProperties) = preSolution
		HideSolutionNode = FALSE
	EndGlobalSection
	GlobalSection(ExtensibilityGlobals) = postSolution
		SolutionGuid = {F2724C76-2972-4BF8-9E1B-42A68A78943B}
	EndGlobalSection
EndGlobal
